
Microsoft Visual Studio Solution File, Format Version 12.00
# Visual Studio Version 16
VisualStudioVersion = 16.0.33927.289
MinimumVisualStudioVersion = 10.0.40219.1
Project("{FAE04EC0-301F-11D3-BF4B-00C04F79EFBC}") = "WorkLog", "WorkLog\WorkLog.csproj", "{1A565CF9-C322-4FDB-A920-255D6C2DF788}"
EndProject
Global
	GlobalSection(SolutionConfigurationPlatforms) = preSolution
		Debug|Any CPU = Debug|Any CPU
		Release|Any CPU = Release|Any CPU
	EndGlobalSection
	GlobalSection(ProjectConfigurationPlatforms) = postSolution
		{1A565CF9-C322-4FDB-A920-255D6C2DF788}.Debug|Any CPU.ActiveCfg = Debug|Any CPU
		{1A565CF9-C322-4FDB-A920-255D6C2DF788}.Debug|Any CPU.Build.0 = Debug|Any CPU
		{1A565CF9-C322-4FDB-A920-255D6C2DF788}.Release|Any CPU.ActiveCfg = Release|Any CPU
		{1A565CF9-C322-4FDB-A920-255D6C2DF788}.Release|Any CPU.Build.0 = Release|Any CPU
	EndGlobalSection
	GlobalSection(SolutionProperties) = preSolution
		HideSolutionNode = FALSE
	EndGlobalSection
	GlobalSection(ExtensibilityGlobals) = postSolution
		SolutionGuid = {6BB53111-3FA3-4444-BF81-E7D18A671587}
	EndGlobalSection
EndGlobal
